
Microsoft Visual Studio Solution File, Format Version 12.00
# Visual Studio Version 16
VisualStudioVersion = 16.0.30028.174
MinimumVisualStudioVersion = 10.0.40219.1
Project("{FAE04EC0-301F-11D3-BF4B-00C04F79EFBC}") = "EgtDemp.Model", "EgtDemp.Model.csproj", "{44EF3819-B8E4-498D-AD03-DC1AB7264943}"
EndProject
Project("{FAE04EC0-301F-11D3-BF4B-00C04F79EFBC}") = "EgtDemp.Api", "..\EgtDemp.Api\EgtDemp.Api.csproj", "{F08BB7B1-CCE9-43A1-9A4E-1B35A12307C5}"
EndProject
Project("{FAE04EC0-301F-11D3-BF4B-00C04F79EFBC}") = "EgtDemp.IRepo", "..\EgtDemp.IRepo\EgtDemp.IRepo.csproj", "{AE77F8F0-9BB8-4F5F-8A77-51020787A3EF}"
EndProject
Project("{FAE04EC0-301F-11D3-BF4B-00C04F79EFBC}") = "EgtDemp.Repo", "..\EgtDemp.Repo\EgtDemp.Repo.csproj", "{A69D3EDB-CD96-4900-866F-38645E345F52}"
EndProject
Project("{FAE04EC0-301F-11D3-BF4B-00C04F79EFBC}") = "EgtDemp.IServ", "..\EgtDemp.IServ\EgtDemp.IServ.csproj", "{DB0380CD-4F78-4892-A3E6-110ABD7ACBC0}"
EndProject
Project("{FAE04EC0-301F-11D3-BF4B-00C04F79EFBC}") = "EgtDemp.Serv", "..\EgtDemp.Serv\EgtDemp.Serv.csproj", "{CE7446D7-54BD-42FF-A8B9-22A8D9704A2F}"
EndProject
Global
	GlobalSection(SolutionConfigurationPlatforms) = preSolution
		Debug|Any CPU = Debug|Any CPU
		Release|Any CPU = Release|Any CPU
	EndGlobalSection
	GlobalSection(ProjectConfigurationPlatforms) = postSolution
		{44EF3819-B8E4-498D-AD03-DC1AB7264943}.Debug|Any CPU.ActiveCfg = Debug|Any CPU
		{44EF3819-B8E4-498D-AD03-DC1AB7264943}.Debug|Any CPU.Build.0 = Debug|Any CPU
		{44EF3819-B8E4-498D-AD03-DC1AB7264943}.Release|Any CPU.ActiveCfg = Release|Any CPU
		{44EF3819-B8E4-498D-AD03-DC1AB7264943}.Release|Any CPU.Build.0 = Release|Any CPU
		{F08BB7B1-CCE9-43A1-9A4E-1B35A12307C5}.Debug|Any CPU.ActiveCfg = Debug|Any CPU
		{F08BB7B1-CCE9-43A1-9A4E-1B35A12307C5}.Debug|Any CPU.Build.0 = Debug|Any CPU
		{F08BB7B1-CCE9-43A1-9A4E-1B35A12307C5}.Release|Any CPU.ActiveCfg = Release|Any CPU
		{F08BB7B1-CCE9-43A1-9A4E-1B35A12307C5}.Release|Any CPU.Build.0 = Release|Any CPU
		{AE77F8F0-9BB8-4F5F-8A77-51020787A3EF}.Debug|Any CPU.ActiveCfg = Debug|Any CPU
		{AE77F8F0-9BB8-4F5F-8A77-51020787A3EF}.Debug|Any CPU.Build.0 = Debug|Any CPU
		{AE77F8F0-9BB8-4F5F-8A77-51020787A3EF}.Release|Any CPU.ActiveCfg = Release|Any CPU
		{AE77F8F0-9BB8-4F5F-8A77-51020787A3EF}.Release|Any CPU.Build.0 = Release|Any CPU
		{A69D3EDB-CD96-4900-866F-38645E345F52}.Debug|Any CPU.ActiveCfg = Debug|Any CPU
		{A69D3EDB-CD96-4900-866F-38645E345F52}.Debug|Any CPU.Build.0 = Debug|Any CPU
		{A69D3EDB-CD96-4900-866F-38645E345F52}.Release|Any CPU.ActiveCfg = Release|Any CPU
		{A69D3EDB-CD96-4900-866F-38645E345F52}.Release|Any CPU.Build.0 = Release|Any CPU
		{DB0380CD-4F78-4892-A3E6-110ABD7ACBC0}.Debug|Any CPU.ActiveCfg = Debug|Any CPU
		{DB0380CD-4F78-4892-A3E6-110ABD7ACBC0}.Debug|Any CPU.Build.0 = Debug|Any CPU
		{DB0380CD-4F78-4892-A3E6-110ABD7ACBC0}.Release|Any CPU.ActiveCfg = Release|Any CPU
		{DB0380CD-4F78-4892-A3E6-110ABD7ACBC0}.Release|Any CPU.Build.0 = Release|Any CPU
		{CE7446D7-54BD-42FF-A8B9-22A8D9704A2F}.Debug|Any CPU.ActiveCfg = Debug|Any CPU
		{CE7446D7-54BD-42FF-A8B9-22A8D9704A2F}.Debug|Any CPU.Build.0 = Debug|Any CPU
		{CE7446D7-54BD-42FF-A8B9-22A8D9704A2F}.Release|Any CPU.ActiveCfg = Release|Any CPU
		{CE7446D7-54BD-42FF-A8B9-22A8D9704A2F}.Release|Any CPU.Build.0 = Release|Any CPU
	EndGlobalSection
	GlobalSection(SolutionProperties) = preSolution
		HideSolutionNode = FALSE
	EndGlobalSection
	GlobalSection(ExtensibilityGlobals) = postSolution
		SolutionGuid = {C6442090-C731-4E25-8515-537EFAF17377}
	EndGlobalSection
EndGlobal
